
Microsoft Visual Studio Solution File, Format Version 12.00
# Visual Studio Version 17
VisualStudioVersion = 17.14.36408.4 d17.14
MinimumVisualStudioVersion = 10.0.40219.1
Project("{FAE04EC0-301F-11D3-BF4B-00C04F79EFBC}") = "address-geocode-us-dot-net", "address-geocode-us-dot-net\address-geocode-us-dot-net.csproj", "{239FED36-A0A7-4186-BD91-1696A2BEBF5C}"
EndProject
Project("{FAE04EC0-301F-11D3-BF4B-00C04F79EFBC}") = "address-geocode-us-dot-net-examples", "address-geocode-us-dot-net-examples\address-geocode-us-dot-net-examples.csproj", "{7FB7F669-1CE6-48DD-89AD-8758082D2148}"
EndProject
Project("{888888A0-9F3D-457C-B088-3A5042F75D52}") = "address-geocode-us-python", "address-geocode-us-python\address-geocode-us-python.pyproj", "{4B3177FB-48DE-49FA-821B-8DDBB9E0B58C}"
EndProject
Project("{888888A0-9F3D-457C-B088-3A5042F75D52}") = "address-geocode-us-python-examples", "address-geocode-us-python-examples\address-geocode-us-python-examples.pyproj", "{F1419D35-6444-4C12-9828-EF3E99210959}"
EndProject
Project("{54A90642-561A-4BB1-A94E-469ADEE60C69}") = "address-geocode-us-nodejs", "address-geocode-us-nodejs\address-geocode-us-nodejs.esproj", "{7A18493B-F579-FB6A-CE35-02CBFF5D7F8F}"
EndProject
Project("{54A90642-561A-4BB1-A94E-469ADEE60C69}") = "address-geocode-us-nodejs-examples", "address-geocode-us-nodejs-examples\address-geocode-us-nodejs-examples.esproj", "{620E5852-99BC-F458-521B-732EEA1F3219}"
EndProject
Global
	GlobalSection(SolutionConfigurationPlatforms) = preSolution
		Debug|Any CPU = Debug|Any CPU
		Release|Any CPU = Release|Any CPU
	EndGlobalSection
	GlobalSection(ProjectConfigurationPlatforms) = postSolution
		{239FED36-A0A7-4186-BD91-1696A2BEBF5C}.Debug|Any CPU.ActiveCfg = Debug|Any CPU
		{239FED36-A0A7-4186-BD91-1696A2BEBF5C}.Debug|Any CPU.Build.0 = Debug|Any CPU
		{239FED36-A0A7-4186-BD91-1696A2BEBF5C}.Release|Any CPU.ActiveCfg = Release|Any CPU
		{239FED36-A0A7-4186-BD91-1696A2BEBF5C}.Release|Any CPU.Build.0 = Release|Any CPU
		{7FB7F669-1CE6-48DD-89AD-8758082D2148}.Debug|Any CPU.ActiveCfg = Debug|Any CPU
		{7FB7F669-1CE6-48DD-89AD-8758082D2148}.Debug|Any CPU.Build.0 = Debug|Any CPU
		{7FB7F669-1CE6-48DD-89AD-8758082D2148}.Release|Any CPU.ActiveCfg = Release|Any CPU
		{7FB7F669-1CE6-48DD-89AD-8758082D2148}.Release|Any CPU.Build.0 = Release|Any CPU
		{4B3177FB-48DE-49FA-821B-8DDBB9E0B58C}.Debug|Any CPU.ActiveCfg = Debug|Any CPU
		{4B3177FB-48DE-49FA-821B-8DDBB9E0B58C}.Release|Any CPU.ActiveCfg = Release|Any CPU
		{F1419D35-6444-4C12-9828-EF3E99210959}.Debug|Any CPU.ActiveCfg = Debug|Any CPU
		{F1419D35-6444-4C12-9828-EF3E99210959}.Release|Any CPU.ActiveCfg = Release|Any CPU
		{7A18493B-F579-FB6A-CE35-02CBFF5D7F8F}.Debug|Any CPU.ActiveCfg = Debug|Any CPU
		{7A18493B-F579-FB6A-CE35-02CBFF5D7F8F}.Debug|Any CPU.Build.0 = Debug|Any CPU
		{7A18493B-F579-FB6A-CE35-02CBFF5D7F8F}.Debug|Any CPU.Deploy.0 = Debug|Any CPU
		{7A18493B-F579-FB6A-CE35-02CBFF5D7F8F}.Release|Any CPU.ActiveCfg = Release|Any CPU
		{7A18493B-F579-FB6A-CE35-02CBFF5D7F8F}.Release|Any CPU.Build.0 = Release|Any CPU
		{7A18493B-F579-FB6A-CE35-02CBFF5D7F8F}.Release|Any CPU.Deploy.0 = Release|Any CPU
		{620E5852-99BC-F458-521B-732EEA1F3219}.Debug|Any CPU.ActiveCfg = Debug|Any CPU
		{620E5852-99BC-F458-521B-732EEA1F3219}.Debug|Any CPU.Build.0 = Debug|Any CPU
		{620E5852-99BC-F458-521B-732EEA1F3219}.Debug|Any CPU.Deploy.0 = Debug|Any CPU
		{620E5852-99BC-F458-521B-732EEA1F3219}.Release|Any CPU.ActiveCfg = Release|Any CPU
		{620E5852-99BC-F458-521B-732EEA1F3219}.Release|Any CPU.Build.0 = Release|Any CPU
		{620E5852-99BC-F458-521B-732EEA1F3219}.Release|Any CPU.Deploy.0 = Release|Any CPU
	EndGlobalSection
	GlobalSection(SolutionProperties) = preSolution
		HideSolutionNode = FALSE
	EndGlobalSection
	GlobalSection(ExtensibilityGlobals) = postSolution
		SolutionGuid = {AD382796-365F-4C32-8844-A3ECEFEF37D3}
	EndGlobalSection
EndGlobal
